
Microsoft Visual Studio Solution File, Format Version 12.00
# Visual Studio Version 17
VisualStudioVersion = 17.6.33723.286
MinimumVisualStudioVersion = 10.0.40219.1
Project("{FAE04EC0-301F-11D3-BF4B-00C04F79EFBC}") = "Beltran Villalba", "Beltran Villalba\Beltran Villalba.csproj", "{AB985FC4-3E4D-40A4-941F-16D502BF33B3}"
EndProject
Global
	GlobalSection(SolutionConfigurationPlatforms) = preSolution
		Debug|Any CPU = Debug|Any CPU
		Release|Any CPU = Release|Any CPU
	EndGlobalSection
	GlobalSection(ProjectConfigurationPlatforms) = postSolution
		{AB985FC4-3E4D-40A4-941F-16D502BF33B3}.Debug|Any CPU.ActiveCfg = Debug|Any CPU
		{AB985FC4-3E4D-40A4-941F-16D502BF33B3}.Debug|Any CPU.Build.0 = Debug|Any CPU
		{AB985FC4-3E4D-40A4-941F-16D502BF33B3}.Release|Any CPU.ActiveCfg = Release|Any CPU
		{AB985FC4-3E4D-40A4-941F-16D502BF33B3}.Release|Any CPU.Build.0 = Release|Any CPU
	EndGlobalSection
	GlobalSection(SolutionProperties) = preSolution
		HideSolutionNode = FALSE
	EndGlobalSection
	GlobalSection(ExtensibilityGlobals) = postSolution
		SolutionGuid = {74CBB19E-AC7B-456B-AB26-85759EDD2B39}
	EndGlobalSection
EndGlobal
